
Microsoft Visual Studio Solution File, Format Version 12.00
Project("{FAE04EC0-301F-11D3-BF4B-00C04F79EFBC}") = "LedMatrixController", "LedMatrixController\LedMatrixController.csproj", "{AAA3F4DC-C353-462A-8D23-60C8957C186E}"
EndProject
Global
	GlobalSection(SolutionConfigurationPlatforms) = preSolution
		Debug|Any CPU = Debug|Any CPU
		Release|Any CPU = Release|Any CPU
	EndGlobalSection
	GlobalSection(ProjectConfigurationPlatforms) = postSolution
		{AAA3F4DC-C353-462A-8D23-60C8957C186E}.Debug|Any CPU.ActiveCfg = Debug|Any CPU
		{AAA3F4DC-C353-462A-8D23-60C8957C186E}.Debug|Any CPU.Build.0 = Debug|Any CPU
		{AAA3F4DC-C353-462A-8D23-60C8957C186E}.Release|Any CPU.ActiveCfg = Release|Any CPU
		{AAA3F4DC-C353-462A-8D23-60C8957C186E}.Release|Any CPU.Build.0 = Release|Any CPU
	EndGlobalSection
EndGlobal
